version = 1
revision = 3
requires-python = ">=3.14"

[[package]]
name = "3-uv"
version = "0.1.0"
source = { virtual = "." }
dependencies = [
    { name = "load-dotenv" },
]

[package.metadata]
requires-dist = [{ name = "load-dotenv", specifier = ">=0.1.0" }]

[[package]]
name = "load-dotenv"
version = "0.1.0"
source = { registry = "https://pypi.org/simple" }
dependencies = [
    { name = "python-dotenv" },
]
sdist = { url = "https://files.pythonhosted.org/packages/d7/95/055d123dde74bd54b99b27a3c2d8c6e218f544e0bd437480f61ccf85a07f/load-dotenv-0.1.0.tar.gz", hash = "sha256:bbe5f40072d4a61eadca66de6c222df5a2d935d6d41b703be1ff75396f635145", size = 6404, upload-time = "2022-09-02T19:55:01.349Z" }
wheels = [
    { url = "https://files.pythonhosted.org/packages/14/2e/268a528dfa1f76999435634b0453fdd917ea878a818a6d5981632f7acffb/load_dotenv-0.1.0-py3-none-any.whl", hash = "sha256:614803f720153fb8a5f97124a72aaa3930a67aa5547cbe8603d01ea7f9ac1adf", size = 7175, upload-time = "2022-09-02T19:54:59.85Z" },
]

[[package]]
name = "python-dotenv"
version = "1.2.1"
source = { registry = "https://pypi.org/simple" }
sdist = { url = "https://files.pythonhosted.org/packages/f0/26/19cadc79a718c5edbec86fd4919a6b6d3f681039a2f6d66d14be94e75fb9/python_dotenv-1.2.1.tar.gz", hash = "sha256:42667e897e16ab0d66954af0e60a9caa94f0fd4ecf3aaf6d2d260eec1aa36ad6", size = 44221, upload-time = "2025-10-26T15:12:10.434Z" }
wheels = [
    { url = "https://files.pythonhosted.org/packages/14/1b/a298b06749107c305e1fe0f814c6c74aea7b2f1e10989cb30f544a1b3253/python_dotenv-1.2.1-py3-none-any.whl", hash = "sha256:b81ee9561e9ca4004139c6cbba3a238c32b03e4894671e181b671e8cb8425d61", size = 21230, upload-time = "2025-10-26T15:12:09.109Z" },
]
